
Microsoft Visual Studio Solution File, Format Version 12.00
# Visual Studio Express 2013 for Windows Desktop
VisualStudioVersion = 12.0.30723.0
MinimumVisualStudioVersion = 10.0.40219.1
Project("{8BC9CEB8-8B4A-11D0-8D11-00A0C91BC942}") = "z80emu", "z80emu\z80emu.vcxproj", "{6AD9DB26-6228-4D73-B94A-E0AA2C7593A3}"
EndProject
Global
	GlobalSection(SolutionConfigurationPlatforms) = preSolution
		Debug|Win32 = Debug|Win32
		Release|Win32 = Release|Win32
	EndGlobalSection
	GlobalSection(ProjectConfigurationPlatforms) = postSolution
		{6AD9DB26-6228-4D73-B94A-E0AA2C7593A3}.Debug|Win32.ActiveCfg = Debug|Win32
		{6AD9DB26-6228-4D73-B94A-E0AA2C7593A3}.Debug|Win32.Build.0 = Debug|Win32
		{6AD9DB26-6228-4D73-B94A-E0AA2C7593A3}.Release|Win32.ActiveCfg = Release|Win32
		{6AD9DB26-6228-4D73-B94A-E0AA2C7593A3}.Release|Win32.Build.0 = Release|Win32
	EndGlobalSection
	GlobalSection(SolutionProperties) = preSolution
		HideSolutionNode = FALSE
	EndGlobalSection
EndGlobal
